
Microsoft Visual Studio Solution File, Format Version 12.00
# Visual Studio Version 16
VisualStudioVersion = 16.0.33927.289
MinimumVisualStudioVersion = 10.0.40219.1
Project("{FAE04EC0-301F-11D3-BF4B-00C04F79EFBC}") = "Tyuiu.MotorovaDD.Sprint3.Task0.V17", "Tyuiu.MotorovaDD.Sprint3.Task0.V17\Tyuiu.MotorovaDD.Sprint3.Task0.V17.csproj", "{AE4473A4-D5CD-400A-BD90-2CD4C0D9053E}"
EndProject
Project("{FAE04EC0-301F-11D3-BF4B-00C04F79EFBC}") = "Tyuiu.MotorovaDD.Sprint3.Task0.V17.Lib", "Tyuiu.MotorovaDD.Sprint3.Task0.V17.Lib\Tyuiu.MotorovaDD.Sprint3.Task0.V17.Lib.csproj", "{2FE25DA9-2C45-4548-BF7C-D24FE7E67941}"
EndProject
Project("{FAE04EC0-301F-11D3-BF4B-00C04F79EFBC}") = "Tyuiu.MotorovaDD.Sprint3.Task0.V17.Test", "Tyuiu.MotorovaDD.Sprint3.Task0.V17.Test\Tyuiu.MotorovaDD.Sprint3.Task0.V17.Test.csproj", "{89B2FA78-6301-4A81-8394-43367CA4DB5C}"
EndProject
Global
	GlobalSection(SolutionConfigurationPlatforms) = preSolution
		Debug|Any CPU = Debug|Any CPU
		Release|Any CPU = Release|Any CPU
	EndGlobalSection
	GlobalSection(ProjectConfigurationPlatforms) = postSolution
		{AE4473A4-D5CD-400A-BD90-2CD4C0D9053E}.Debug|Any CPU.ActiveCfg = Debug|Any CPU
		{AE4473A4-D5CD-400A-BD90-2CD4C0D9053E}.Debug|Any CPU.Build.0 = Debug|Any CPU
		{AE4473A4-D5CD-400A-BD90-2CD4C0D9053E}.Release|Any CPU.ActiveCfg = Release|Any CPU
		{AE4473A4-D5CD-400A-BD90-2CD4C0D9053E}.Release|Any CPU.Build.0 = Release|Any CPU
		{2FE25DA9-2C45-4548-BF7C-D24FE7E67941}.Debug|Any CPU.ActiveCfg = Debug|Any CPU
		{2FE25DA9-2C45-4548-BF7C-D24FE7E67941}.Debug|Any CPU.Build.0 = Debug|Any CPU
		{2FE25DA9-2C45-4548-BF7C-D24FE7E67941}.Release|Any CPU.ActiveCfg = Release|Any CPU
		{2FE25DA9-2C45-4548-BF7C-D24FE7E67941}.Release|Any CPU.Build.0 = Release|Any CPU
		{89B2FA78-6301-4A81-8394-43367CA4DB5C}.Debug|Any CPU.ActiveCfg = Debug|Any CPU
		{89B2FA78-6301-4A81-8394-43367CA4DB5C}.Debug|Any CPU.Build.0 = Debug|Any CPU
		{89B2FA78-6301-4A81-8394-43367CA4DB5C}.Release|Any CPU.ActiveCfg = Release|Any CPU
		{89B2FA78-6301-4A81-8394-43367CA4DB5C}.Release|Any CPU.Build.0 = Release|Any CPU
	EndGlobalSection
	GlobalSection(SolutionProperties) = preSolution
		HideSolutionNode = FALSE
	EndGlobalSection
	GlobalSection(ExtensibilityGlobals) = postSolution
		SolutionGuid = {0B3F360E-2203-448F-BE63-60B9E6B6B30A}
	EndGlobalSection
EndGlobal
