
Microsoft Visual Studio Solution File, Format Version 12.00
# Visual Studio Version 16
VisualStudioVersion = 16.0.33927.289
MinimumVisualStudioVersion = 10.0.40219.1
Project("{FAE04EC0-301F-11D3-BF4B-00C04F79EFBC}") = "Tyuiu.MotorovaDD.Sprint3.Task0.V17", "Tyuiu.MotorovaDD.Sprint3.Task0.V17\Tyuiu.MotorovaDD.Sprint3.Task0.V17.csproj", "{AE4473A4-D5CD-400A-BD90-2CD4C0D9053E}"
EndProject
Project("{FAE04EC0-301F-11D3-BF4B-00C04F79EFBC}") = "Tyuiu.MotorovaDD.Sprint3.Task0.V17.Lib", "Tyuiu.MotorovaDD.Sprint3.Task0.V17.Lib\Tyuiu.MotorovaDD.Sprint3.Task0.V17.Lib.csproj", "{2FE25DA9-2C45-4548-BF7C-D24FE7E67941}"
EndProject
Project("{FAE04EC0-301F-11D3-BF4B-00C04F79EFBC}") = "Tyuiu.MotorovaDD.Sprint3.Task0.V17.Test", "Tyuiu.MotorovaDD.Sprint3.Task0.V17.Test\Tyuiu.MotorovaDD.Sprint3.Task0.V17.Test.csproj", "{89B2FA78-6301-4A81-8394-43367CA4DB5C}"
EndProject
Project("{2150E333-8FDC-42A3-9474-1A3956D46DE8}") = "Task1", "Task1", "{30EF6F47-E670-42B5-82E5-CEC955390232}"
EndProject
Project("{2150E333-8FDC-42A3-9474-1A3956D46DE8}") = "Task0", "Task0", "{FA64BA9B-6698-4B4E-8C3B-7183CA8F2F6D}"
EndProject
Project("{FAE04EC0-301F-11D3-BF4B-00C04F79EFBC}") = "Tyuiu.MotorovaDD.Sprint3.Task1.V17", "Tyuiu.MotorovaDD.Sprint3.Task1.V17\Tyuiu.MotorovaDD.Sprint3.Task1.V17.csproj", "{14B0D9B6-E499-4324-A97D-00DFD5BECDE4}"
EndProject
Project("{FAE04EC0-301F-11D3-BF4B-00C04F79EFBC}") = "Tyuiu.MotorovaDD.Sprint3.Task1.V17.Lib", "Tyuiu.MotorovaDD.Sprint3.Task1.V17.Lib\Tyuiu.MotorovaDD.Sprint3.Task1.V17.Lib.csproj", "{A118FE64-3EA9-44DB-A8D1-14351AC0ADF3}"
EndProject
Project("{FAE04EC0-301F-11D3-BF4B-00C04F79EFBC}") = "Tyuiu.MotorovaDD.Sprint3.Task1.V17.Test", "Tyuiu.MotorovaDD.Sprint3.Task1.V17.Test\Tyuiu.MotorovaDD.Sprint3.Task1.V17.Test.csproj", "{D6BB04C1-2D96-4224-B72D-577594CE1BC0}"
EndProject
Project("{2150E333-8FDC-42A3-9474-1A3956D46DE8}") = "Task2", "Task2", "{1B6F4984-0D58-42B9-8C53-A3646DD913A0}"
EndProject
Project("{FAE04EC0-301F-11D3-BF4B-00C04F79EFBC}") = "Tyuiu.MotorovaDD.Sprint3.Task2.V11", "Tyuiu.MotorovaDD.Sprint3.Task2.V11\Tyuiu.MotorovaDD.Sprint3.Task2.V11.csproj", "{39F0E127-CE28-4D6A-83E1-2CB6D7582413}"
EndProject
Project("{FAE04EC0-301F-11D3-BF4B-00C04F79EFBC}") = "Tyuiu.MotorovaDD.Sprint3.Task2.V11.Test", "Tyuiu.MotorovaDD.Sprint3.Task2.V11.Test\Tyuiu.MotorovaDD.Sprint3.Task2.V11.Test.csproj", "{D75EBC86-82AD-48B3-9C75-B6EE32ED99EC}"
EndProject
Project("{FAE04EC0-301F-11D3-BF4B-00C04F79EFBC}") = "Tyuiu.MotorovaDD.Sprint3.Task2.V11.Lib", "Tyuiu.MotorovaDD.Sprint3.Task2.V11.Lib\Tyuiu.MotorovaDD.Sprint3.Task2.V11.Lib.csproj", "{79F0030E-A6B3-4829-8F31-BF4FC1780200}"
EndProject
Project("{2150E333-8FDC-42A3-9474-1A3956D46DE8}") = "Task3", "Task3", "{5D00E562-96F3-4B78-8703-6F777522CEBF}"
EndProject
Project("{FAE04EC0-301F-11D3-BF4B-00C04F79EFBC}") = "Tyuiu.MotorovaDD.Sprint3.Task3.V13", "Tyuiu.MotorovaDD.Sprint3.Task3.V13\Tyuiu.MotorovaDD.Sprint3.Task3.V13.csproj", "{D8A81599-A223-4F6A-9D77-48AE613EFC1F}"
EndProject
Project("{FAE04EC0-301F-11D3-BF4B-00C04F79EFBC}") = "Tyuiu.MotorovaDD.Sprint3.Task3.V13.Test", "Tyuiu.MotorovaDD.Sprint3.Task3.V13.Test\Tyuiu.MotorovaDD.Sprint3.Task3.V13.Test.csproj", "{8CB76DC5-0B1B-40D3-A104-E16E5488037D}"
EndProject
Project("{FAE04EC0-301F-11D3-BF4B-00C04F79EFBC}") = "Tyuiu.MotorovaDD.Sprint3.Task3.V13.Lib", "Tyuiu.MotorovaDD.Sprint3.Task3.V13.Lib\Tyuiu.MotorovaDD.Sprint3.Task3.V13.Lib.csproj", "{8963E014-879E-41FD-B5E7-B8A60158535B}"
EndProject
Project("{2150E333-8FDC-42A3-9474-1A3956D46DE8}") = "Task4", "Task4", "{385886AE-3628-4478-8EED-21631BA45579}"
EndProject
Project("{FAE04EC0-301F-11D3-BF4B-00C04F79EFBC}") = "Tyuiu.MotorovaDD.Sprint3.Task4.V7", "Tyuiu.MotorovaDD.Sprint3.Task4.V7\Tyuiu.MotorovaDD.Sprint3.Task4.V7.csproj", "{0FA34AF8-2E5C-4A08-8EAB-D9C9827B3672}"
EndProject
Project("{FAE04EC0-301F-11D3-BF4B-00C04F79EFBC}") = "Tyuiu.MotorovaDD.Sprint3.Task4.V7.Lib", "Tyuiu.MotorovaDD.Sprint3.Task4.V7.Lib\Tyuiu.MotorovaDD.Sprint3.Task4.V7.Lib.csproj", "{42425408-DD41-40D0-9E8E-C9785B2CBDCC}"
EndProject
Project("{FAE04EC0-301F-11D3-BF4B-00C04F79EFBC}") = "Tyuiu.MotorovaDD.Sprint3.Task4.V7.Test", "Tyuiu.MotorovaDD.Sprint3.Task4.V7.Test\Tyuiu.MotorovaDD.Sprint3.Task4.V7.Test.csproj", "{1E1F6AC7-96AB-467D-9210-85CE81817718}"
EndProject
Global
	GlobalSection(SolutionConfigurationPlatforms) = preSolution
		Debug|Any CPU = Debug|Any CPU
		Release|Any CPU = Release|Any CPU
	EndGlobalSection
	GlobalSection(ProjectConfigurationPlatforms) = postSolution
		{AE4473A4-D5CD-400A-BD90-2CD4C0D9053E}.Debug|Any CPU.ActiveCfg = Debug|Any CPU
		{AE4473A4-D5CD-400A-BD90-2CD4C0D9053E}.Debug|Any CPU.Build.0 = Debug|Any CPU
		{AE4473A4-D5CD-400A-BD90-2CD4C0D9053E}.Release|Any CPU.ActiveCfg = Release|Any CPU
		{AE4473A4-D5CD-400A-BD90-2CD4C0D9053E}.Release|Any CPU.Build.0 = Release|Any CPU
		{2FE25DA9-2C45-4548-BF7C-D24FE7E67941}.Debug|Any CPU.ActiveCfg = Debug|Any CPU
		{2FE25DA9-2C45-4548-BF7C-D24FE7E67941}.Debug|Any CPU.Build.0 = Debug|Any CPU
		{2FE25DA9-2C45-4548-BF7C-D24FE7E67941}.Release|Any CPU.ActiveCfg = Release|Any CPU
		{2FE25DA9-2C45-4548-BF7C-D24FE7E67941}.Release|Any CPU.Build.0 = Release|Any CPU
		{89B2FA78-6301-4A81-8394-43367CA4DB5C}.Debug|Any CPU.ActiveCfg = Debug|Any CPU
		{89B2FA78-6301-4A81-8394-43367CA4DB5C}.Debug|Any CPU.Build.0 = Debug|Any CPU
		{89B2FA78-6301-4A81-8394-43367CA4DB5C}.Release|Any CPU.ActiveCfg = Release|Any CPU
		{89B2FA78-6301-4A81-8394-43367CA4DB5C}.Release|Any CPU.Build.0 = Release|Any CPU
		{14B0D9B6-E499-4324-A97D-00DFD5BECDE4}.Debug|Any CPU.ActiveCfg = Debug|Any CPU
		{14B0D9B6-E499-4324-A97D-00DFD5BECDE4}.Debug|Any CPU.Build.0 = Debug|Any CPU
		{14B0D9B6-E499-4324-A97D-00DFD5BECDE4}.Release|Any CPU.ActiveCfg = Release|Any CPU
		{14B0D9B6-E499-4324-A97D-00DFD5BECDE4}.Release|Any CPU.Build.0 = Release|Any CPU
		{A118FE64-3EA9-44DB-A8D1-14351AC0ADF3}.Debug|Any CPU.ActiveCfg = Debug|Any CPU
		{A118FE64-3EA9-44DB-A8D1-14351AC0ADF3}.Debug|Any CPU.Build.0 = Debug|Any CPU
		{A118FE64-3EA9-44DB-A8D1-14351AC0ADF3}.Release|Any CPU.ActiveCfg = Release|Any CPU
		{A118FE64-3EA9-44DB-A8D1-14351AC0ADF3}.Release|Any CPU.Build.0 = Release|Any CPU
		{D6BB04C1-2D96-4224-B72D-577594CE1BC0}.Debug|Any CPU.ActiveCfg = Debug|Any CPU
		{D6BB04C1-2D96-4224-B72D-577594CE1BC0}.Debug|Any CPU.Build.0 = Debug|Any CPU
		{D6BB04C1-2D96-4224-B72D-577594CE1BC0}.Release|Any CPU.ActiveCfg = Release|Any CPU
		{D6BB04C1-2D96-4224-B72D-577594CE1BC0}.Release|Any CPU.Build.0 = Release|Any CPU
		{39F0E127-CE28-4D6A-83E1-2CB6D7582413}.Debug|Any CPU.ActiveCfg = Debug|Any CPU
		{39F0E127-CE28-4D6A-83E1-2CB6D7582413}.Debug|Any CPU.Build.0 = Debug|Any CPU
		{39F0E127-CE28-4D6A-83E1-2CB6D7582413}.Release|Any CPU.ActiveCfg = Release|Any CPU
		{39F0E127-CE28-4D6A-83E1-2CB6D7582413}.Release|Any CPU.Build.0 = Release|Any CPU
		{D75EBC86-82AD-48B3-9C75-B6EE32ED99EC}.Debug|Any CPU.ActiveCfg = Debug|Any CPU
		{D75EBC86-82AD-48B3-9C75-B6EE32ED99EC}.Debug|Any CPU.Build.0 = Debug|Any CPU
		{D75EBC86-82AD-48B3-9C75-B6EE32ED99EC}.Release|Any CPU.ActiveCfg = Release|Any CPU
		{D75EBC86-82AD-48B3-9C75-B6EE32ED99EC}.Release|Any CPU.Build.0 = Release|Any CPU
		{79F0030E-A6B3-4829-8F31-BF4FC1780200}.Debug|Any CPU.ActiveCfg = Debug|Any CPU
		{79F0030E-A6B3-4829-8F31-BF4FC1780200}.Debug|Any CPU.Build.0 = Debug|Any CPU
		{79F0030E-A6B3-4829-8F31-BF4FC1780200}.Release|Any CPU.ActiveCfg = Release|Any CPU
		{79F0030E-A6B3-4829-8F31-BF4FC1780200}.Release|Any CPU.Build.0 = Release|Any CPU
		{D8A81599-A223-4F6A-9D77-48AE613EFC1F}.Debug|Any CPU.ActiveCfg = Debug|Any CPU
		{D8A81599-A223-4F6A-9D77-48AE613EFC1F}.Debug|Any CPU.Build.0 = Debug|Any CPU
		{D8A81599-A223-4F6A-9D77-48AE613EFC1F}.Release|Any CPU.ActiveCfg = Release|Any CPU
		{D8A81599-A223-4F6A-9D77-48AE613EFC1F}.Release|Any CPU.Build.0 = Release|Any CPU
		{8CB76DC5-0B1B-40D3-A104-E16E5488037D}.Debug|Any CPU.ActiveCfg = Debug|Any CPU
		{8CB76DC5-0B1B-40D3-A104-E16E5488037D}.Debug|Any CPU.Build.0 = Debug|Any CPU
		{8CB76DC5-0B1B-40D3-A104-E16E5488037D}.Release|Any CPU.ActiveCfg = Release|Any CPU
		{8CB76DC5-0B1B-40D3-A104-E16E5488037D}.Release|Any CPU.Build.0 = Release|Any CPU
		{8963E014-879E-41FD-B5E7-B8A60158535B}.Debug|Any CPU.ActiveCfg = Debug|Any CPU
		{8963E014-879E-41FD-B5E7-B8A60158535B}.Debug|Any CPU.Build.0 = Debug|Any CPU
		{8963E014-879E-41FD-B5E7-B8A60158535B}.Release|Any CPU.ActiveCfg = Release|Any CPU
		{8963E014-879E-41FD-B5E7-B8A60158535B}.Release|Any CPU.Build.0 = Release|Any CPU
		{0FA34AF8-2E5C-4A08-8EAB-D9C9827B3672}.Debug|Any CPU.ActiveCfg = Debug|Any CPU
		{0FA34AF8-2E5C-4A08-8EAB-D9C9827B3672}.Debug|Any CPU.Build.0 = Debug|Any CPU
		{0FA34AF8-2E5C-4A08-8EAB-D9C9827B3672}.Release|Any CPU.ActiveCfg = Release|Any CPU
		{0FA34AF8-2E5C-4A08-8EAB-D9C9827B3672}.Release|Any CPU.Build.0 = Release|Any CPU
		{42425408-DD41-40D0-9E8E-C9785B2CBDCC}.Debug|Any CPU.ActiveCfg = Debug|Any CPU
		{42425408-DD41-40D0-9E8E-C9785B2CBDCC}.Debug|Any CPU.Build.0 = Debug|Any CPU
		{42425408-DD41-40D0-9E8E-C9785B2CBDCC}.Release|Any CPU.ActiveCfg = Release|Any CPU
		{42425408-DD41-40D0-9E8E-C9785B2CBDCC}.Release|Any CPU.Build.0 = Release|Any CPU
		{1E1F6AC7-96AB-467D-9210-85CE81817718}.Debug|Any CPU.ActiveCfg = Debug|Any CPU
		{1E1F6AC7-96AB-467D-9210-85CE81817718}.Debug|Any CPU.Build.0 = Debug|Any CPU
		{1E1F6AC7-96AB-467D-9210-85CE81817718}.Release|Any CPU.ActiveCfg = Release|Any CPU
		{1E1F6AC7-96AB-467D-9210-85CE81817718}.Release|Any CPU.Build.0 = Release|Any CPU
	EndGlobalSection
	GlobalSection(SolutionProperties) = preSolution
		HideSolutionNode = FALSE
	EndGlobalSection
	GlobalSection(NestedProjects) = preSolution
		{AE4473A4-D5CD-400A-BD90-2CD4C0D9053E} = {FA64BA9B-6698-4B4E-8C3B-7183CA8F2F6D}
		{2FE25DA9-2C45-4548-BF7C-D24FE7E67941} = {FA64BA9B-6698-4B4E-8C3B-7183CA8F2F6D}
		{89B2FA78-6301-4A81-8394-43367CA4DB5C} = {FA64BA9B-6698-4B4E-8C3B-7183CA8F2F6D}
		{14B0D9B6-E499-4324-A97D-00DFD5BECDE4} = {30EF6F47-E670-42B5-82E5-CEC955390232}
		{A118FE64-3EA9-44DB-A8D1-14351AC0ADF3} = {30EF6F47-E670-42B5-82E5-CEC955390232}
		{D6BB04C1-2D96-4224-B72D-577594CE1BC0} = {30EF6F47-E670-42B5-82E5-CEC955390232}
		{39F0E127-CE28-4D6A-83E1-2CB6D7582413} = {1B6F4984-0D58-42B9-8C53-A3646DD913A0}
		{D75EBC86-82AD-48B3-9C75-B6EE32ED99EC} = {1B6F4984-0D58-42B9-8C53-A3646DD913A0}
		{79F0030E-A6B3-4829-8F31-BF4FC1780200} = {1B6F4984-0D58-42B9-8C53-A3646DD913A0}
		{D8A81599-A223-4F6A-9D77-48AE613EFC1F} = {5D00E562-96F3-4B78-8703-6F777522CEBF}
		{8CB76DC5-0B1B-40D3-A104-E16E5488037D} = {5D00E562-96F3-4B78-8703-6F777522CEBF}
		{8963E014-879E-41FD-B5E7-B8A60158535B} = {5D00E562-96F3-4B78-8703-6F777522CEBF}
		{0FA34AF8-2E5C-4A08-8EAB-D9C9827B3672} = {385886AE-3628-4478-8EED-21631BA45579}
		{42425408-DD41-40D0-9E8E-C9785B2CBDCC} = {385886AE-3628-4478-8EED-21631BA45579}
		{1E1F6AC7-96AB-467D-9210-85CE81817718} = {385886AE-3628-4478-8EED-21631BA45579}
	EndGlobalSection
	GlobalSection(ExtensibilityGlobals) = postSolution
		SolutionGuid = {0B3F360E-2203-448F-BE63-60B9E6B6B30A}
	EndGlobalSection
EndGlobal
